// !$*UTF8*$!
{
	archiveVersion = 1;
	classes = {
	};
	objectVersion = 50;
	objects = {

/* Begin PBXBuildFile section */
		DF06082E25773027000E5D55 /* 剑指 Offer18.删除链表的节点.swift in Sources */ = {isa = PBXBuildFile; fileRef = DF06082D25773027000E5D55 /* 剑指 Offer18.删除链表的节点.swift */; };
		DF13BEF925E0E5B200C7EBC4 /* 16.最接近的三数之和.swift in Sources */ = {isa = PBXBuildFile; fileRef = DF13BEF825E0E5B200C7EBC4 /* 16.最接近的三数之和.swift */; };
		DF13BEFF25E0FE1600C7EBC4 /* 53.最大子序和.swift in Sources */ = {isa = PBXBuildFile; fileRef = DF13BEFE25E0FE1600C7EBC4 /* 53.最大子序和.swift */; };
		DF13BF0725E1093600C7EBC4 /* 509.斐波那契数.swift in Sources */ = {isa = PBXBuildFile; fileRef = DF13BF0625E1093600C7EBC4 /* 509.斐波那契数.swift */; };
		DF1EC2D7257A258B00E7EF18 /* 93.复原IP地址.swift in Sources */ = {isa = PBXBuildFile; fileRef = DF1EC2D6257A258B00E7EF18 /* 93.复原IP地址.swift */; };
		DF2C6295259340B20021DB9F /* 77.组合.swift in Sources */ = {isa = PBXBuildFile; fileRef = DF2C6294259340B20021DB9F /* 77.组合.swift */; };
		DF387DBD2577624900DA44FA /* 203.移除链表元素.swift in Sources */ = {isa = PBXBuildFile; fileRef = DF387DBC2577624900DA44FA /* 203.移除链表元素.swift */; };
		DF387DC2257770FB00DA44FA /* 19.删除链表的倒数第N个节点.swift in Sources */ = {isa = PBXBuildFile; fileRef = DF387DC1257770FB00DA44FA /* 19.删除链表的倒数第N个节点.swift */; };
		DF5365472599C49D002A8A12 /* 78.子集.swift in Sources */ = {isa = PBXBuildFile; fileRef = DF5365462599C49D002A8A12 /* 78.子集.swift */; };
		DF53654C2599CE75002A8A12 /* 39.组合总和.swift in Sources */ = {isa = PBXBuildFile; fileRef = DF53654B2599CE75002A8A12 /* 39.组合总和.swift */; };
		DF536576259B27D1002A8A12 /* 40.组合总和II.swift in Sources */ = {isa = PBXBuildFile; fileRef = DF536575259B27D1002A8A12 /* 40.组合总和II.swift */; };
		DF5F99FE25BFBCCF00CCE435 /* 208.实现 Trie (前缀树).swift in Sources */ = {isa = PBXBuildFile; fileRef = DF5F99FD25BFBCCF00CCE435 /* 208.实现 Trie (前缀树).swift */; };
		DF5F9A0625BFFF6A00CCE435 /* 146.LRU 缓存机制.swift in Sources */ = {isa = PBXBuildFile; fileRef = DF5F9A0525BFFF6A00CCE435 /* 146.LRU 缓存机制.swift */; };
		DF5F9A1325C1156D00CCE435 /* 75.颜色分类.swift in Sources */ = {isa = PBXBuildFile; fileRef = DF5F9A1225C1156D00CCE435 /* 75.颜色分类.swift */; };
		DF5F9A4025C7D57400CCE435 /* 524.通过删除字母匹配到字典里最长单词.swift in Sources */ = {isa = PBXBuildFile; fileRef = DF5F9A3F25C7D57400CCE435 /* 524.通过删除字母匹配到字典里最长单词.swift */; };
		DF5F9A6025C8F17A00CCE435 /* 面试题17.15. 最长单词.swift in Sources */ = {isa = PBXBuildFile; fileRef = DF5F9A5F25C8F17A00CCE435 /* 面试题17.15. 最长单词.swift */; };
		DF5F9A6B25CA3B0D00CCE435 /* 11.盛最多水的容器.swift in Sources */ = {isa = PBXBuildFile; fileRef = DF5F9A6A25CA3B0D00CCE435 /* 11.盛最多水的容器.swift */; };
		DF5F9A7325CA4FD900CCE435 /* 26.删除排序数组中的重复项.swift in Sources */ = {isa = PBXBuildFile; fileRef = DF5F9A7225CA4FD900CCE435 /* 26.删除排序数组中的重复项.swift */; };
		DF5F9A7A25CA917B00CCE435 /* 283.移动零.swift in Sources */ = {isa = PBXBuildFile; fileRef = DF5F9A7925CA917B00CCE435 /* 283.移动零.swift */; };
		DF5F9A8225CBCAE600CCE435 /* 88.合并两个有序数组.swift in Sources */ = {isa = PBXBuildFile; fileRef = DF5F9A8125CBCAE600CCE435 /* 88.合并两个有序数组.swift */; };
		DF65A54525AC74D600392FC0 /* 3.无重复字符的最长子串.swift in Sources */ = {isa = PBXBuildFile; fileRef = DF65A54425AC74D600392FC0 /* 3.无重复字符的最长子串.swift */; };
		DF65A55025AD819200392FC0 /* 76.最小覆盖子串.swift in Sources */ = {isa = PBXBuildFile; fileRef = DF65A54F25AD819200392FC0 /* 76.最小覆盖子串.swift */; };
		DF65A55925AEEDBC00392FC0 /* 438.找到字符串中所有字母异位词.swift in Sources */ = {isa = PBXBuildFile; fileRef = DF65A55825AEEDBC00392FC0 /* 438.找到字符串中所有字母异位词.swift */; };
		DF65A56625B0557A00392FC0 /* 239.滑动窗口最大值.swift in Sources */ = {isa = PBXBuildFile; fileRef = DF65A56525B0557A00392FC0 /* 239.滑动窗口最大值.swift */; };
		DF6F77BF2588C44C00EFD3A6 /* 46.全排列.swift in Sources */ = {isa = PBXBuildFile; fileRef = DF6F77BE2588C44C00EFD3A6 /* 46.全排列.swift */; };
		DF85AAB425B6E4CF0006C371 /* 150.逆波兰表达式求值.swift in Sources */ = {isa = PBXBuildFile; fileRef = DF85AAB325B6E4CF0006C371 /* 150.逆波兰表达式求值.swift */; };
		DF85AABC25B8031C0006C371 /* 20.有效的括号.swift in Sources */ = {isa = PBXBuildFile; fileRef = DF85AABB25B8031C0006C371 /* 20.有效的括号.swift */; };
		DF85AADC25BA6DE80006C371 /* 71.简化路径.swift in Sources */ = {isa = PBXBuildFile; fileRef = DF85AADB25BA6DE80006C371 /* 71.简化路径.swift */; };
		DF93807025A58AEA00F36EBF /* 216.组合总和III.swift in Sources */ = {isa = PBXBuildFile; fileRef = DF93806F25A58AEA00F36EBF /* 216.组合总和III.swift */; };
		DF93807525A5A83700F36EBF /* 90.子集II.swift in Sources */ = {isa = PBXBuildFile; fileRef = DF93807425A5A83700F36EBF /* 90.子集II.swift */; };
		DF93807B25A5BDD300F36EBF /* 122.买卖股票的最佳时机II.swift in Sources */ = {isa = PBXBuildFile; fileRef = DF93807A25A5BDD300F36EBF /* 122.买卖股票的最佳时机II.swift */; };
		DF9380CA25A83B3D00F36EBF /* 455.分发饼干.swift in Sources */ = {isa = PBXBuildFile; fileRef = DF9380C925A83B3D00F36EBF /* 455.分发饼干.swift */; };
		DF9380CF25A8403D00F36EBF /* 392.判断子序列.swift in Sources */ = {isa = PBXBuildFile; fileRef = DF9380CE25A8403D00F36EBF /* 392.判断子序列.swift */; };
		DF9380D525A8533400F36EBF /* 209.长度最小的子数组.swift in Sources */ = {isa = PBXBuildFile; fileRef = DF9380D425A8533400F36EBF /* 209.长度最小的子数组.swift */; };
		DF964B712580765E006F5A28 /* 131.分割回文串.swift in Sources */ = {isa = PBXBuildFile; fileRef = DF964B702580765E006F5A28 /* 131.分割回文串.swift */; };
		DF965D8925788EEF009C4FC3 /* 24.两两交换链表中的节点.swift in Sources */ = {isa = PBXBuildFile; fileRef = DF965D8825788EEF009C4FC3 /* 24.两两交换链表中的节点.swift */; };
		DFB0AD2125BE6CF7004D49A8 /* 144.二叉树的前序遍历.swift in Sources */ = {isa = PBXBuildFile; fileRef = DFB0AD2025BE6CF7004D49A8 /* 144.二叉树的前序遍历.swift */; };
		DFB0AD2625BEB31E004D49A8 /* 199.二叉树的右视图.swift in Sources */ = {isa = PBXBuildFile; fileRef = DFB0AD2525BEB31E004D49A8 /* 199.二叉树的右视图.swift */; };
		DFB0AD2C25BECD53004D49A8 /* 350.两个数组的交集II.swift in Sources */ = {isa = PBXBuildFile; fileRef = DFB0AD2B25BECD53004D49A8 /* 350.两个数组的交集II.swift */; };
		DFB0AD3425BED2ED004D49A8 /* 389.找不同.swift in Sources */ = {isa = PBXBuildFile; fileRef = DFB0AD3325BED2ED004D49A8 /* 389.找不同.swift */; };
		DFC4D44925748ED300EEC86D /* 92.反转链表II.swift in Sources */ = {isa = PBXBuildFile; fileRef = DFC4D44825748ED300EEC86D /* 92.反转链表II.swift */; };
		DFCD70D225709D76005E27C8 /* 206.反转链表.swift in Sources */ = {isa = PBXBuildFile; fileRef = DFCD70D125709D76005E27C8 /* 206.反转链表.swift */; };
		DFFA1CFC2579D15800EB94B8 /* 17.电话号码的字母组合.swift in Sources */ = {isa = PBXBuildFile; fileRef = DFFA1CFB2579D15800EB94B8 /* 17.电话号码的字母组合.swift */; };
		DFFABA9125CCED7300A4231F /* 240.搜索二维矩阵II.swift in Sources */ = {isa = PBXBuildFile; fileRef = DFFABA9025CCED7300A4231F /* 240.搜索二维矩阵II.swift */; };
		DFFD06E1258B2B3800B5DA93 /* 47.全排列II.swift in Sources */ = {isa = PBXBuildFile; fileRef = DFFD06E0258B2B3800B5DA93 /* 47.全排列II.swift */; };
		E21CA55124A1AFB7005C8718 /* AppDelegate.swift in Sources */ = {isa = PBXBuildFile; fileRef = E21CA55024A1AFB7005C8718 /* AppDelegate.swift */; };
		E21CA55524A1AFB7005C8718 /* ViewController.swift in Sources */ = {isa = PBXBuildFile; fileRef = E21CA55424A1AFB7005C8718 /* ViewController.swift */; };
		E21CA55A24A1AFC7005C8718 /* Assets.xcassets in Resources */ = {isa = PBXBuildFile; fileRef = E21CA55924A1AFC7005C8718 /* Assets.xcassets */; };
		E21CA55D24A1AFC7005C8718 /* LaunchScreen.storyboard in Resources */ = {isa = PBXBuildFile; fileRef = E21CA55B24A1AFC7005C8718 /* LaunchScreen.storyboard */; };
		E21CA56824A1AFC7005C8718 /* ZMathCodeTests.swift in Sources */ = {isa = PBXBuildFile; fileRef = E21CA56724A1AFC7005C8718 /* ZMathCodeTests.swift */; };
		E21CA57324A1AFC7005C8718 /* ZMathCodeUITests.swift in Sources */ = {isa = PBXBuildFile; fileRef = E21CA57224A1AFC7005C8718 /* ZMathCodeUITests.swift */; };
		E21CA58424A1B083005C8718 /* 2.两数相加.swift in Sources */ = {isa = PBXBuildFile; fileRef = E21CA58224A1B083005C8718 /* 2.两数相加.swift */; };
		E21CA58524A1B083005C8718 /* 1.两数之和.swift in Sources */ = {isa = PBXBuildFile; fileRef = E21CA58324A1B083005C8718 /* 1.两数之和.swift */; };
/* End PBXBuildFile section */

/* Begin PBXContainerItemProxy section */
		E21CA56424A1AFC7005C8718 /* PBXContainerItemProxy */ = {
			isa = PBXContainerItemProxy;
			containerPortal = E21CA54524A1AFB7005C8718 /* Project object */;
			proxyType = 1;
			remoteGlobalIDString = E21CA54C24A1AFB7005C8718;
			remoteInfo = ZMathCode;
		};
		E21CA56F24A1AFC7005C8718 /* PBXContainerItemProxy */ = {
			isa = PBXContainerItemProxy;
			containerPortal = E21CA54524A1AFB7005C8718 /* Project object */;
			proxyType = 1;
			remoteGlobalIDString = E21CA54C24A1AFB7005C8718;
			remoteInfo = ZMathCode;
		};
/* End PBXContainerItemProxy section */

/* Begin PBXFileReference section */
		DF06082D25773027000E5D55 /* 剑指 Offer18.删除链表的节点.swift */ = {isa = PBXFileReference; lastKnownFileType = sourcecode.swift; path = "剑指 Offer18.删除链表的节点.swift"; sourceTree = "<group>"; };
		DF13BEF825E0E5B200C7EBC4 /* 16.最接近的三数之和.swift */ = {isa = PBXFileReference; lastKnownFileType = sourcecode.swift; path = "16.最接近的三数之和.swift"; sourceTree = "<group>"; };
		DF13BEFE25E0FE1600C7EBC4 /* 53.最大子序和.swift */ = {isa = PBXFileReference; lastKnownFileType = sourcecode.swift; path = "53.最大子序和.swift"; sourceTree = "<group>"; };
		DF13BF0625E1093600C7EBC4 /* 509.斐波那契数.swift */ = {isa = PBXFileReference; lastKnownFileType = sourcecode.swift; path = "509.斐波那契数.swift"; sourceTree = "<group>"; };
		DF1EC2D6257A258B00E7EF18 /* 93.复原IP地址.swift */ = {isa = PBXFileReference; lastKnownFileType = sourcecode.swift; path = "93.复原IP地址.swift"; sourceTree = "<group>"; };
		DF2C6294259340B20021DB9F /* 77.组合.swift */ = {isa = PBXFileReference; lastKnownFileType = sourcecode.swift; path = "77.组合.swift"; sourceTree = "<group>"; };
		DF387DBC2577624900DA44FA /* 203.移除链表元素.swift */ = {isa = PBXFileReference; lastKnownFileType = sourcecode.swift; path = "203.移除链表元素.swift"; sourceTree = "<group>"; };
		DF387DC1257770FB00DA44FA /* 19.删除链表的倒数第N个节点.swift */ = {isa = PBXFileReference; lastKnownFileType = sourcecode.swift; path = "19.删除链表的倒数第N个节点.swift"; sourceTree = "<group>"; };
		DF5365462599C49D002A8A12 /* 78.子集.swift */ = {isa = PBXFileReference; lastKnownFileType = sourcecode.swift; path = "78.子集.swift"; sourceTree = "<group>"; };
		DF53654B2599CE75002A8A12 /* 39.组合总和.swift */ = {isa = PBXFileReference; lastKnownFileType = sourcecode.swift; path = "39.组合总和.swift"; sourceTree = "<group>"; };
		DF536575259B27D1002A8A12 /* 40.组合总和II.swift */ = {isa = PBXFileReference; lastKnownFileType = sourcecode.swift; path = "40.组合总和II.swift"; sourceTree = "<group>"; };
		DF5F99FD25BFBCCF00CCE435 /* 208.实现 Trie (前缀树).swift */ = {isa = PBXFileReference; lastKnownFileType = sourcecode.swift; path = "208.实现 Trie (前缀树).swift"; sourceTree = "<group>"; };
		DF5F9A0525BFFF6A00CCE435 /* 146.LRU 缓存机制.swift */ = {isa = PBXFileReference; lastKnownFileType = sourcecode.swift; path = "146.LRU 缓存机制.swift"; sourceTree = "<group>"; };
		DF5F9A1225C1156D00CCE435 /* 75.颜色分类.swift */ = {isa = PBXFileReference; lastKnownFileType = sourcecode.swift; path = "75.颜色分类.swift"; sourceTree = "<group>"; };
		DF5F9A3F25C7D57400CCE435 /* 524.通过删除字母匹配到字典里最长单词.swift */ = {isa = PBXFileReference; lastKnownFileType = sourcecode.swift; path = "524.通过删除字母匹配到字典里最长单词.swift"; sourceTree = "<group>"; };
		DF5F9A5F25C8F17A00CCE435 /* 面试题17.15. 最长单词.swift */ = {isa = PBXFileReference; lastKnownFileType = sourcecode.swift; path = "面试题17.15. 最长单词.swift"; sourceTree = "<group>"; };
		DF5F9A6A25CA3B0D00CCE435 /* 11.盛最多水的容器.swift */ = {isa = PBXFileReference; lastKnownFileType = sourcecode.swift; path = "11.盛最多水的容器.swift"; sourceTree = "<group>"; };
		DF5F9A7225CA4FD900CCE435 /* 26.删除排序数组中的重复项.swift */ = {isa = PBXFileReference; lastKnownFileType = sourcecode.swift; path = "26.删除排序数组中的重复项.swift"; sourceTree = "<group>"; };
		DF5F9A7925CA917B00CCE435 /* 283.移动零.swift */ = {isa = PBXFileReference; lastKnownFileType = sourcecode.swift; path = "283.移动零.swift"; sourceTree = "<group>"; };
		DF5F9A8125CBCAE600CCE435 /* 88.合并两个有序数组.swift */ = {isa = PBXFileReference; lastKnownFileType = sourcecode.swift; path = "88.合并两个有序数组.swift"; sourceTree = "<group>"; };
		DF65A54425AC74D600392FC0 /* 3.无重复字符的最长子串.swift */ = {isa = PBXFileReference; lastKnownFileType = sourcecode.swift; path = "3.无重复字符的最长子串.swift"; sourceTree = "<group>"; };
		DF65A54F25AD819200392FC0 /* 76.最小覆盖子串.swift */ = {isa = PBXFileReference; lastKnownFileType = sourcecode.swift; path = "76.最小覆盖子串.swift"; sourceTree = "<group>"; };
		DF65A55825AEEDBC00392FC0 /* 438.找到字符串中所有字母异位词.swift */ = {isa = PBXFileReference; lastKnownFileType = sourcecode.swift; path = "438.找到字符串中所有字母异位词.swift"; sourceTree = "<group>"; };
		DF65A56525B0557A00392FC0 /* 239.滑动窗口最大值.swift */ = {isa = PBXFileReference; lastKnownFileType = sourcecode.swift; path = "239.滑动窗口最大值.swift"; sourceTree = "<group>"; };
		DF6F77BE2588C44C00EFD3A6 /* 46.全排列.swift */ = {isa = PBXFileReference; lastKnownFileType = sourcecode.swift; path = "46.全排列.swift"; sourceTree = "<group>"; };
		DF85AAB325B6E4CF0006C371 /* 150.逆波兰表达式求值.swift */ = {isa = PBXFileReference; lastKnownFileType = sourcecode.swift; path = "150.逆波兰表达式求值.swift"; sourceTree = "<group>"; };
		DF85AABB25B8031C0006C371 /* 20.有效的括号.swift */ = {isa = PBXFileReference; lastKnownFileType = sourcecode.swift; path = "20.有效的括号.swift"; sourceTree = "<group>"; };
		DF85AADB25BA6DE80006C371 /* 71.简化路径.swift */ = {isa = PBXFileReference; lastKnownFileType = sourcecode.swift; path = "71.简化路径.swift"; sourceTree = "<group>"; };
		DF93806F25A58AEA00F36EBF /* 216.组合总和III.swift */ = {isa = PBXFileReference; lastKnownFileType = sourcecode.swift; path = "216.组合总和III.swift"; sourceTree = "<group>"; };
		DF93807425A5A83700F36EBF /* 90.子集II.swift */ = {isa = PBXFileReference; lastKnownFileType = sourcecode.swift; path = "90.子集II.swift"; sourceTree = "<group>"; };
		DF93807A25A5BDD300F36EBF /* 122.买卖股票的最佳时机II.swift */ = {isa = PBXFileReference; lastKnownFileType = sourcecode.swift; path = "122.买卖股票的最佳时机II.swift"; sourceTree = "<group>"; };
		DF9380C925A83B3D00F36EBF /* 455.分发饼干.swift */ = {isa = PBXFileReference; lastKnownFileType = sourcecode.swift; path = "455.分发饼干.swift"; sourceTree = "<group>"; };
		DF9380CE25A8403D00F36EBF /* 392.判断子序列.swift */ = {isa = PBXFileReference; lastKnownFileType = sourcecode.swift; path = "392.判断子序列.swift"; sourceTree = "<group>"; };
		DF9380D425A8533400F36EBF /* 209.长度最小的子数组.swift */ = {isa = PBXFileReference; lastKnownFileType = sourcecode.swift; path = "209.长度最小的子数组.swift"; sourceTree = "<group>"; };
		DF964B702580765E006F5A28 /* 131.分割回文串.swift */ = {isa = PBXFileReference; lastKnownFileType = sourcecode.swift; path = "131.分割回文串.swift"; sourceTree = "<group>"; };
		DF965D8825788EEF009C4FC3 /* 24.两两交换链表中的节点.swift */ = {isa = PBXFileReference; lastKnownFileType = sourcecode.swift; path = "24.两两交换链表中的节点.swift"; sourceTree = "<group>"; };
		DFB0AD2025BE6CF7004D49A8 /* 144.二叉树的前序遍历.swift */ = {isa = PBXFileReference; lastKnownFileType = sourcecode.swift; path = "144.二叉树的前序遍历.swift"; sourceTree = "<group>"; };
		DFB0AD2525BEB31E004D49A8 /* 199.二叉树的右视图.swift */ = {isa = PBXFileReference; lastKnownFileType = sourcecode.swift; path = "199.二叉树的右视图.swift"; sourceTree = "<group>"; };
		DFB0AD2B25BECD53004D49A8 /* 350.两个数组的交集II.swift */ = {isa = PBXFileReference; lastKnownFileType = sourcecode.swift; path = "350.两个数组的交集II.swift"; sourceTree = "<group>"; };
		DFB0AD3325BED2ED004D49A8 /* 389.找不同.swift */ = {isa = PBXFileReference; lastKnownFileType = sourcecode.swift; path = "389.找不同.swift"; sourceTree = "<group>"; };
		DFC4D44825748ED300EEC86D /* 92.反转链表II.swift */ = {isa = PBXFileReference; lastKnownFileType = sourcecode.swift; path = "92.反转链表II.swift"; sourceTree = "<group>"; };
		DFCD70D125709D76005E27C8 /* 206.反转链表.swift */ = {isa = PBXFileReference; lastKnownFileType = sourcecode.swift; path = "206.反转链表.swift"; sourceTree = "<group>"; };
		DFFA1CFB2579D15800EB94B8 /* 17.电话号码的字母组合.swift */ = {isa = PBXFileReference; lastKnownFileType = sourcecode.swift; path = "17.电话号码的字母组合.swift"; sourceTree = "<group>"; };
		DFFABA9025CCED7300A4231F /* 240.搜索二维矩阵II.swift */ = {isa = PBXFileReference; lastKnownFileType = sourcecode.swift; path = "240.搜索二维矩阵II.swift"; sourceTree = "<group>"; };
		DFFD06E0258B2B3800B5DA93 /* 47.全排列II.swift */ = {isa = PBXFileReference; lastKnownFileType = sourcecode.swift; path = "47.全排列II.swift"; sourceTree = "<group>"; };
		E21CA54D24A1AFB7005C8718 /* ZMathCode.app */ = {isa = PBXFileReference; explicitFileType = wrapper.application; includeInIndex = 0; path = ZMathCode.app; sourceTree = BUILT_PRODUCTS_DIR; };
		E21CA55024A1AFB7005C8718 /* AppDelegate.swift */ = {isa = PBXFileReference; lastKnownFileType = sourcecode.swift; path = AppDelegate.swift; sourceTree = "<group>"; };
		E21CA55424A1AFB7005C8718 /* ViewController.swift */ = {isa = PBXFileReference; lastKnownFileType = sourcecode.swift; path = ViewController.swift; sourceTree = "<group>"; };
		E21CA55924A1AFC7005C8718 /* Assets.xcassets */ = {isa = PBXFileReference; lastKnownFileType = folder.assetcatalog; path = Assets.xcassets; sourceTree = "<group>"; };
		E21CA55C24A1AFC7005C8718 /* Base */ = {isa = PBXFileReference; lastKnownFileType = file.storyboard; name = Base; path = Base.lproj/LaunchScreen.storyboard; sourceTree = "<group>"; };
		E21CA55E24A1AFC7005C8718 /* Info.plist */ = {isa = PBXFileReference; lastKnownFileType = text.plist.xml; path = Info.plist; sourceTree = "<group>"; };
		E21CA56324A1AFC7005C8718 /* ZMathCodeTests.xctest */ = {isa = PBXFileReference; explicitFileType = wrapper.cfbundle; includeInIndex = 0; path = ZMathCodeTests.xctest; sourceTree = BUILT_PRODUCTS_DIR; };
		E21CA56724A1AFC7005C8718 /* ZMathCodeTests.swift */ = {isa = PBXFileReference; lastKnownFileType = sourcecode.swift; path = ZMathCodeTests.swift; sourceTree = "<group>"; };
		E21CA56924A1AFC7005C8718 /* Info.plist */ = {isa = PBXFileReference; lastKnownFileType = text.plist.xml; path = Info.plist; sourceTree = "<group>"; };
		E21CA56E24A1AFC7005C8718 /* ZMathCodeUITests.xctest */ = {isa = PBXFileReference; explicitFileType = wrapper.cfbundle; includeInIndex = 0; path = ZMathCodeUITests.xctest; sourceTree = BUILT_PRODUCTS_DIR; };
		E21CA57224A1AFC7005C8718 /* ZMathCodeUITests.swift */ = {isa = PBXFileReference; lastKnownFileType = sourcecode.swift; path = ZMathCodeUITests.swift; sourceTree = "<group>"; };
		E21CA57424A1AFC7005C8718 /* Info.plist */ = {isa = PBXFileReference; lastKnownFileType = text.plist.xml; path = Info.plist; sourceTree = "<group>"; };
		E21CA58224A1B083005C8718 /* 2.两数相加.swift */ = {isa = PBXFileReference; fileEncoding = 4; lastKnownFileType = sourcecode.swift; path = "2.两数相加.swift"; sourceTree = "<group>"; };
		E21CA58324A1B083005C8718 /* 1.两数之和.swift */ = {isa = PBXFileReference; fileEncoding = 4; lastKnownFileType = sourcecode.swift; path = "1.两数之和.swift"; sourceTree = "<group>"; };
/* End PBXFileReference section */

/* Begin PBXFrameworksBuildPhase section */
		E21CA54A24A1AFB7005C8718 /* Frameworks */ = {
			isa = PBXFrameworksBuildPhase;
			buildActionMask = 2147483647;
			files = (
			);
			runOnlyForDeploymentPostprocessing = 0;
		};
		E21CA56024A1AFC7005C8718 /* Frameworks */ = {
			isa = PBXFrameworksBuildPhase;
			buildActionMask = 2147483647;
			files = (
			);
			runOnlyForDeploymentPostprocessing = 0;
		};
		E21CA56B24A1AFC7005C8718 /* Frameworks */ = {
			isa = PBXFrameworksBuildPhase;
			buildActionMask = 2147483647;
			files = (
			);
			runOnlyForDeploymentPostprocessing = 0;
		};
/* End PBXFrameworksBuildPhase section */

/* Begin PBXGroup section */
		DF13BEFD25E0FD9000C7EBC4 /* 动态规划 */ = {
			isa = PBXGroup;
			children = (
				DF13BEFE25E0FE1600C7EBC4 /* 53.最大子序和.swift */,
				DF13BF0625E1093600C7EBC4 /* 509.斐波那契数.swift */,
			);
			path = "动态规划";
			sourceTree = "<group>";
		};
		DF5F99FC25BFBCA600CCE435 /* 数据结构 */ = {
			isa = PBXGroup;
			children = (
				DF5F99FD25BFBCCF00CCE435 /* 208.实现 Trie (前缀树).swift */,
				DF5F9A0525BFFF6A00CCE435 /* 146.LRU 缓存机制.swift */,
			);
			path = "数据结构";
			sourceTree = "<group>";
		};
		DF5F9A1125C1155200CCE435 /* 排序 */ = {
			isa = PBXGroup;
			children = (
				DF5F9A1225C1156D00CCE435 /* 75.颜色分类.swift */,
				DF5F9A3F25C7D57400CCE435 /* 524.通过删除字母匹配到字典里最长单词.swift */,
				DF5F9A5F25C8F17A00CCE435 /* 面试题17.15. 最长单词.swift */,
			);
			path = "排序";
			sourceTree = "<group>";
		};
		DF5F9A6925CA3A9E00CCE435 /* 双指针 */ = {
			isa = PBXGroup;
			children = (
				DF5F9A6A25CA3B0D00CCE435 /* 11.盛最多水的容器.swift */,
				DF5F9A7225CA4FD900CCE435 /* 26.删除排序数组中的重复项.swift */,
				DF5F9A7925CA917B00CCE435 /* 283.移动零.swift */,
				DF5F9A8125CBCAE600CCE435 /* 88.合并两个有序数组.swift */,
				DFFABA9025CCED7300A4231F /* 240.搜索二维矩阵II.swift */,
				DF13BEF825E0E5B200C7EBC4 /* 16.最接近的三数之和.swift */,
			);
			path = "双指针";
			sourceTree = "<group>";
		};
		DF85AAB225B6E4810006C371 /* 栈和队列 */ = {
			isa = PBXGroup;
			children = (
				DF85AAB325B6E4CF0006C371 /* 150.逆波兰表达式求值.swift */,
				DF85AABB25B8031C0006C371 /* 20.有效的括号.swift */,
				DF85AADB25BA6DE80006C371 /* 71.简化路径.swift */,
				DFB0AD2025BE6CF7004D49A8 /* 144.二叉树的前序遍历.swift */,
				DFB0AD2525BEB31E004D49A8 /* 199.二叉树的右视图.swift */,
			);
			path = "栈和队列";
			sourceTree = "<group>";
		};
		DF93807925A5BDB600F36EBF /* 贪心算法 */ = {
			isa = PBXGroup;
			children = (
				DF93807A25A5BDD300F36EBF /* 122.买卖股票的最佳时机II.swift */,
				DF9380C925A83B3D00F36EBF /* 455.分发饼干.swift */,
				DF9380CE25A8403D00F36EBF /* 392.判断子序列.swift */,
			);
			path = "贪心算法";
			sourceTree = "<group>";
		};
		DF9380D325A8531D00F36EBF /* 滑动窗口 */ = {
			isa = PBXGroup;
			children = (
				DF9380D425A8533400F36EBF /* 209.长度最小的子数组.swift */,
				DF65A54425AC74D600392FC0 /* 3.无重复字符的最长子串.swift */,
				DF65A54F25AD819200392FC0 /* 76.最小覆盖子串.swift */,
				DF65A55825AEEDBC00392FC0 /* 438.找到字符串中所有字母异位词.swift */,
				DF65A56525B0557A00392FC0 /* 239.滑动窗口最大值.swift */,
			);
			path = "滑动窗口";
			sourceTree = "<group>";
		};
		DFB0AD2A25BECCE2004D49A8 /* 查找表 */ = {
			isa = PBXGroup;
			children = (
				DFB0AD2B25BECD53004D49A8 /* 350.两个数组的交集II.swift */,
				DFB0AD3325BED2ED004D49A8 /* 389.找不同.swift */,
			);
			path = "查找表";
			sourceTree = "<group>";
		};
		DFCD70D025709C91005E27C8 /* 链表 */ = {
			isa = PBXGroup;
			children = (
				E21CA58224A1B083005C8718 /* 2.两数相加.swift */,
				DFCD70D125709D76005E27C8 /* 206.反转链表.swift */,
				DF387DBC2577624900DA44FA /* 203.移除链表元素.swift */,
				DFC4D44825748ED300EEC86D /* 92.反转链表II.swift */,
				DF06082D25773027000E5D55 /* 剑指 Offer18.删除链表的节点.swift */,
				DF387DC1257770FB00DA44FA /* 19.删除链表的倒数第N个节点.swift */,
				DF965D8825788EEF009C4FC3 /* 24.两两交换链表中的节点.swift */,
			);
			path = "链表";
			sourceTree = "<group>";
		};
		DFFA1CFA2579D11800EB94B8 /* 递归与回溯 */ = {
			isa = PBXGroup;
			children = (
				DFFA1CFB2579D15800EB94B8 /* 17.电话号码的字母组合.swift */,
				DF1EC2D6257A258B00E7EF18 /* 93.复原IP地址.swift */,
				DF964B702580765E006F5A28 /* 131.分割回文串.swift */,
				DF6F77BE2588C44C00EFD3A6 /* 46.全排列.swift */,
				DFFD06E0258B2B3800B5DA93 /* 47.全排列II.swift */,
				DF2C6294259340B20021DB9F /* 77.组合.swift */,
				DF5365462599C49D002A8A12 /* 78.子集.swift */,
				DF53654B2599CE75002A8A12 /* 39.组合总和.swift */,
				DF536575259B27D1002A8A12 /* 40.组合总和II.swift */,
				DF93806F25A58AEA00F36EBF /* 216.组合总和III.swift */,
				DF93807425A5A83700F36EBF /* 90.子集II.swift */,
			);
			path = "递归与回溯";
			sourceTree = "<group>";
		};
		E21CA54424A1AFB7005C8718 = {
			isa = PBXGroup;
			children = (
				E21CA54F24A1AFB7005C8718 /* ZMathCode */,
				E21CA56624A1AFC7005C8718 /* ZMathCodeTests */,
				E21CA57124A1AFC7005C8718 /* ZMathCodeUITests */,
				E21CA54E24A1AFB7005C8718 /* Products */,
			);
			sourceTree = "<group>";
		};
		E21CA54E24A1AFB7005C8718 /* Products */ = {
			isa = PBXGroup;
			children = (
				E21CA54D24A1AFB7005C8718 /* ZMathCode.app */,
				E21CA56324A1AFC7005C8718 /* ZMathCodeTests.xctest */,
				E21CA56E24A1AFC7005C8718 /* ZMathCodeUITests.xctest */,
			);
			name = Products;
			sourceTree = "<group>";
		};
		E21CA54F24A1AFB7005C8718 /* ZMathCode */ = {
			isa = PBXGroup;
			children = (
				E21CA58024A1B083005C8718 /* Classes */,
				E21CA55024A1AFB7005C8718 /* AppDelegate.swift */,
				E21CA55424A1AFB7005C8718 /* ViewController.swift */,
				E21CA55924A1AFC7005C8718 /* Assets.xcassets */,
				E21CA55B24A1AFC7005C8718 /* LaunchScreen.storyboard */,
				E21CA55E24A1AFC7005C8718 /* Info.plist */,
			);
			path = ZMathCode;
			sourceTree = "<group>";
		};
		E21CA56624A1AFC7005C8718 /* ZMathCodeTests */ = {
			isa = PBXGroup;
			children = (
				E21CA56724A1AFC7005C8718 /* ZMathCodeTests.swift */,
				E21CA56924A1AFC7005C8718 /* Info.plist */,
			);
			path = ZMathCodeTests;
			sourceTree = "<group>";
		};
		E21CA57124A1AFC7005C8718 /* ZMathCodeUITests */ = {
			isa = PBXGroup;
			children = (
				E21CA57224A1AFC7005C8718 /* ZMathCodeUITests.swift */,
				E21CA57424A1AFC7005C8718 /* Info.plist */,
			);
			path = ZMathCodeUITests;
			sourceTree = "<group>";
		};
		E21CA58024A1B083005C8718 /* Classes */ = {
			isa = PBXGroup;
			children = (
				DF13BEFD25E0FD9000C7EBC4 /* 动态规划 */,
				DF5F9A6925CA3A9E00CCE435 /* 双指针 */,
				DF5F9A1125C1155200CCE435 /* 排序 */,
				DF5F99FC25BFBCA600CCE435 /* 数据结构 */,
				DFB0AD2A25BECCE2004D49A8 /* 查找表 */,
				DF85AAB225B6E4810006C371 /* 栈和队列 */,
				DF9380D325A8531D00F36EBF /* 滑动窗口 */,
				DF93807925A5BDB600F36EBF /* 贪心算法 */,
				DFFA1CFA2579D11800EB94B8 /* 递归与回溯 */,
				DFCD70D025709C91005E27C8 /* 链表 */,
				E21CA58124A1B083005C8718 /* HOT100 */,
			);
			path = Classes;
			sourceTree = "<group>";
		};
		E21CA58124A1B083005C8718 /* HOT100 */ = {
			isa = PBXGroup;
			children = (
				E21CA58324A1B083005C8718 /* 1.两数之和.swift */,
			);
			path = HOT100;
			sourceTree = "<group>";
		};
/* End PBXGroup section */

/* Begin PBXNativeTarget section */
		E21CA54C24A1AFB7005C8718 /* ZMathCode */ = {
			isa = PBXNativeTarget;
			buildConfigurationList = E21CA57724A1AFC7005C8718 /* Build configuration list for PBXNativeTarget "ZMathCode" */;
			buildPhases = (
				E21CA54924A1AFB7005C8718 /* Sources */,
				E21CA54A24A1AFB7005C8718 /* Frameworks */,
				E21CA54B24A1AFB7005C8718 /* Resources */,
			);
			buildRules = (
			);
			dependencies = (
			);
			name = ZMathCode;
			productName = ZMathCode;
			productReference = E21CA54D24A1AFB7005C8718 /* ZMathCode.app */;
			productType = "com.apple.product-type.application";
		};
		E21CA56224A1AFC7005C8718 /* ZMathCodeTests */ = {
			isa = PBXNativeTarget;
			buildConfigurationList = E21CA57A24A1AFC7005C8718 /* Build configuration list for PBXNativeTarget "ZMathCodeTests" */;
			buildPhases = (
				E21CA55F24A1AFC7005C8718 /* Sources */,
				E21CA56024A1AFC7005C8718 /* Frameworks */,
				E21CA56124A1AFC7005C8718 /* Resources */,
			);
			buildRules = (
			);
			dependencies = (
				E21CA56524A1AFC7005C8718 /* PBXTargetDependency */,
			);
			name = ZMathCodeTests;
			productName = ZMathCodeTests;
			productReference = E21CA56324A1AFC7005C8718 /* ZMathCodeTests.xctest */;
			productType = "com.apple.product-type.bundle.unit-test";
		};
		E21CA56D24A1AFC7005C8718 /* ZMathCodeUITests */ = {
			isa = PBXNativeTarget;
			buildConfigurationList = E21CA57D24A1AFC7005C8718 /* Build configuration list for PBXNativeTarget "ZMathCodeUITests" */;
			buildPhases = (
				E21CA56A24A1AFC7005C8718 /* Sources */,
				E21CA56B24A1AFC7005C8718 /* Frameworks */,
				E21CA56C24A1AFC7005C8718 /* Resources */,
			);
			buildRules = (
			);
			dependencies = (
				E21CA57024A1AFC7005C8718 /* PBXTargetDependency */,
			);
			name = ZMathCodeUITests;
			productName = ZMathCodeUITests;
			productReference = E21CA56E24A1AFC7005C8718 /* ZMathCodeUITests.xctest */;
			productType = "com.apple.product-type.bundle.ui-testing";
		};
/* End PBXNativeTarget section */

/* Begin PBXProject section */
		E21CA54524A1AFB7005C8718 /* Project object */ = {
			isa = PBXProject;
			attributes = {
				LastSwiftUpdateCheck = 1150;
				LastUpgradeCheck = 1150;
				ORGANIZATIONNAME = zmfflying;
				TargetAttributes = {
					E21CA54C24A1AFB7005C8718 = {
						CreatedOnToolsVersion = 11.5;
					};
					E21CA56224A1AFC7005C8718 = {
						CreatedOnToolsVersion = 11.5;
						TestTargetID = E21CA54C24A1AFB7005C8718;
					};
					E21CA56D24A1AFC7005C8718 = {
						CreatedOnToolsVersion = 11.5;
						TestTargetID = E21CA54C24A1AFB7005C8718;
					};
				};
			};
			buildConfigurationList = E21CA54824A1AFB7005C8718 /* Build configuration list for PBXProject "ZMathCode" */;
			compatibilityVersion = "Xcode 9.3";
			developmentRegion = en;
			hasScannedForEncodings = 0;
			knownRegions = (
				en,
				Base,
			);
			mainGroup = E21CA54424A1AFB7005C8718;
			productRefGroup = E21CA54E24A1AFB7005C8718 /* Products */;
			projectDirPath = "";
			projectRoot = "";
			targets = (
				E21CA54C24A1AFB7005C8718 /* ZMathCode */,
				E21CA56224A1AFC7005C8718 /* ZMathCodeTests */,
				E21CA56D24A1AFC7005C8718 /* ZMathCodeUITests */,
			);
		};
/* End PBXProject section */

/* Begin PBXResourcesBuildPhase section */
		E21CA54B24A1AFB7005C8718 /* Resources */ = {
			isa = PBXResourcesBuildPhase;
			buildActionMask = 2147483647;
			files = (
				E21CA55D24A1AFC7005C8718 /* LaunchScreen.storyboard in Resources */,
				E21CA55A24A1AFC7005C8718 /* Assets.xcassets in Resources */,
			);
			runOnlyForDeploymentPostprocessing = 0;
		};
		E21CA56124A1AFC7005C8718 /* Resources */ = {
			isa = PBXResourcesBuildPhase;
			buildActionMask = 2147483647;
			files = (
			);
			runOnlyForDeploymentPostprocessing = 0;
		};
		E21CA56C24A1AFC7005C8718 /* Resources */ = {
			isa = PBXResourcesBuildPhase;
			buildActionMask = 2147483647;
			files = (
			);
			runOnlyForDeploymentPostprocessing = 0;
		};
/* End PBXResourcesBuildPhase section */

/* Begin PBXSourcesBuildPhase section */
		E21CA54924A1AFB7005C8718 /* Sources */ = {
			isa = PBXSourcesBuildPhase;
			buildActionMask = 2147483647;
			files = (
				DF5F9A1325C1156D00CCE435 /* 75.颜色分类.swift in Sources */,
				DF13BEFF25E0FE1600C7EBC4 /* 53.最大子序和.swift in Sources */,
				DF6F77BF2588C44C00EFD3A6 /* 46.全排列.swift in Sources */,
				DFC4D44925748ED300EEC86D /* 92.反转链表II.swift in Sources */,
				DF5F9A6B25CA3B0D00CCE435 /* 11.盛最多水的容器.swift in Sources */,
				DFFD06E1258B2B3800B5DA93 /* 47.全排列II.swift in Sources */,
				DF964B712580765E006F5A28 /* 131.分割回文串.swift in Sources */,
				DF1EC2D7257A258B00E7EF18 /* 93.复原IP地址.swift in Sources */,
				DFB0AD3425BED2ED004D49A8 /* 389.找不同.swift in Sources */,
				DF5F9A6025C8F17A00CCE435 /* 面试题17.15. 最长单词.swift in Sources */,
				DFFABA9125CCED7300A4231F /* 240.搜索二维矩阵II.swift in Sources */,
				DF85AABC25B8031C0006C371 /* 20.有效的括号.swift in Sources */,
				DF53654C2599CE75002A8A12 /* 39.组合总和.swift in Sources */,
				DFB0AD2C25BECD53004D49A8 /* 350.两个数组的交集II.swift in Sources */,
				DF85AADC25BA6DE80006C371 /* 71.简化路径.swift in Sources */,
				E21CA58424A1B083005C8718 /* 2.两数相加.swift in Sources */,
				E21CA58524A1B083005C8718 /* 1.两数之和.swift in Sources */,
				DF93807525A5A83700F36EBF /* 90.子集II.swift in Sources */,
				DF93807B25A5BDD300F36EBF /* 122.买卖股票的最佳时机II.swift in Sources */,
				DF65A55925AEEDBC00392FC0 /* 438.找到字符串中所有字母异位词.swift in Sources */,
				DF5365472599C49D002A8A12 /* 78.子集.swift in Sources */,
				DF5F9A7325CA4FD900CCE435 /* 26.删除排序数组中的重复项.swift in Sources */,
				DF65A56625B0557A00392FC0 /* 239.滑动窗口最大值.swift in Sources */,
				DF65A55025AD819200392FC0 /* 76.最小覆盖子串.swift in Sources */,
				DF5F9A0625BFFF6A00CCE435 /* 146.LRU 缓存机制.swift in Sources */,
				DFCD70D225709D76005E27C8 /* 206.反转链表.swift in Sources */,
				DF13BEF925E0E5B200C7EBC4 /* 16.最接近的三数之和.swift in Sources */,
				DF65A54525AC74D600392FC0 /* 3.无重复字符的最长子串.swift in Sources */,
				DF85AAB425B6E4CF0006C371 /* 150.逆波兰表达式求值.swift in Sources */,
				DFFA1CFC2579D15800EB94B8 /* 17.电话号码的字母组合.swift in Sources */,
				DF9380CF25A8403D00F36EBF /* 392.判断子序列.swift in Sources */,
				DF5F9A4025C7D57400CCE435 /* 524.通过删除字母匹配到字典里最长单词.swift in Sources */,
				DF965D8925788EEF009C4FC3 /* 24.两两交换链表中的节点.swift in Sources */,
				DF9380CA25A83B3D00F36EBF /* 455.分发饼干.swift in Sources */,
				DF13BF0725E1093600C7EBC4 /* 509.斐波那契数.swift in Sources */,
				DF06082E25773027000E5D55 /* 剑指 Offer18.删除链表的节点.swift in Sources */,
				DF9380D525A8533400F36EBF /* 209.长度最小的子数组.swift in Sources */,
				DF93807025A58AEA00F36EBF /* 216.组合总和III.swift in Sources */,
				DF536576259B27D1002A8A12 /* 40.组合总和II.swift in Sources */,
				DFB0AD2125BE6CF7004D49A8 /* 144.二叉树的前序遍历.swift in Sources */,
				DF5F99FE25BFBCCF00CCE435 /* 208.实现 Trie (前缀树).swift in Sources */,
				DFB0AD2625BEB31E004D49A8 /* 199.二叉树的右视图.swift in Sources */,
				E21CA55524A1AFB7005C8718 /* ViewController.swift in Sources */,
				DF387DBD2577624900DA44FA /* 203.移除链表元素.swift in Sources */,
				DF5F9A7A25CA917B00CCE435 /* 283.移动零.swift in Sources */,
				DF387DC2257770FB00DA44FA /* 19.删除链表的倒数第N个节点.swift in Sources */,
				DF2C6295259340B20021DB9F /* 77.组合.swift in Sources */,
				DF5F9A8225CBCAE600CCE435 /* 88.合并两个有序数组.swift in Sources */,
				E21CA55124A1AFB7005C8718 /* AppDelegate.swift in Sources */,
			);
			runOnlyForDeploymentPostprocessing = 0;
		};
		E21CA55F24A1AFC7005C8718 /* Sources */ = {
			isa = PBXSourcesBuildPhase;
			buildActionMask = 2147483647;
			files = (
				E21CA56824A1AFC7005C8718 /* ZMathCodeTests.swift in Sources */,
			);
			runOnlyForDeploymentPostprocessing = 0;
		};
		E21CA56A24A1AFC7005C8718 /* Sources */ = {
			isa = PBXSourcesBuildPhase;
			buildActionMask = 2147483647;
			files = (
				E21CA57324A1AFC7005C8718 /* ZMathCodeUITests.swift in Sources */,
			);
			runOnlyForDeploymentPostprocessing = 0;
		};
/* End PBXSourcesBuildPhase section */

/* Begin PBXTargetDependency section */
		E21CA56524A1AFC7005C8718 /* PBXTargetDependency */ = {
			isa = PBXTargetDependency;
			target = E21CA54C24A1AFB7005C8718 /* ZMathCode */;
			targetProxy = E21CA56424A1AFC7005C8718 /* PBXContainerItemProxy */;
		};
		E21CA57024A1AFC7005C8718 /* PBXTargetDependency */ = {
			isa = PBXTargetDependency;
			target = E21CA54C24A1AFB7005C8718 /* ZMathCode */;
			targetProxy = E21CA56F24A1AFC7005C8718 /* PBXContainerItemProxy */;
		};
/* End PBXTargetDependency section */

/* Begin PBXVariantGroup section */
		E21CA55B24A1AFC7005C8718 /* LaunchScreen.storyboard */ = {
			isa = PBXVariantGroup;
			children = (
				E21CA55C24A1AFC7005C8718 /* Base */,
			);
			name = LaunchScreen.storyboard;
			sourceTree = "<group>";
		};
/* End PBXVariantGroup section */

/* Begin XCBuildConfiguration section */
		E21CA57524A1AFC7005C8718 /* Debug */ = {
			isa = XCBuildConfiguration;
			buildSettings = {
				ALWAYS_SEARCH_USER_PATHS = NO;
				CLANG_ANALYZER_NONNULL = YES;
				CLANG_ANALYZER_NUMBER_OBJECT_CONVERSION = YES_AGGRESSIVE;
				CLANG_CXX_LANGUAGE_STANDARD = "gnu++14";
				CLANG_CXX_LIBRARY = "libc++";
				CLANG_ENABLE_MODULES = YES;
				CLANG_ENABLE_OBJC_ARC = YES;
				CLANG_ENABLE_OBJC_WEAK = YES;
				CLANG_WARN_BLOCK_CAPTURE_AUTORELEASING = YES;
				CLANG_WARN_BOOL_CONVERSION = YES;
				CLANG_WARN_COMMA = YES;
				CLANG_WARN_CONSTANT_CONVERSION = YES;
				CLANG_WARN_DEPRECATED_OBJC_IMPLEMENTATIONS = YES;
				CLANG_WARN_DIRECT_OBJC_ISA_USAGE = YES_ERROR;
				CLANG_WARN_DOCUMENTATION_COMMENTS = YES;
				CLANG_WARN_EMPTY_BODY = YES;
				CLANG_WARN_ENUM_CONVERSION = YES;
				CLANG_WARN_INFINITE_RECURSION = YES;
				CLANG_WARN_INT_CONVERSION = YES;
				CLANG_WARN_NON_LITERAL_NULL_CONVERSION = YES;
				CLANG_WARN_OBJC_IMPLICIT_RETAIN_SELF = YES;
				CLANG_WARN_OBJC_LITERAL_CONVERSION = YES;
				CLANG_WARN_OBJC_ROOT_CLASS = YES_ERROR;
				CLANG_WARN_RANGE_LOOP_ANALYSIS = YES;
				CLANG_WARN_STRICT_PROTOTYPES = YES;
				CLANG_WARN_SUSPICIOUS_MOVE = YES;
				CLANG_WARN_UNGUARDED_AVAILABILITY = YES_AGGRESSIVE;
				CLANG_WARN_UNREACHABLE_CODE = YES;
				CLANG_WARN__DUPLICATE_METHOD_MATCH = YES;
				COPY_PHASE_STRIP = NO;
				DEBUG_INFORMATION_FORMAT = dwarf;
				ENABLE_STRICT_OBJC_MSGSEND = YES;
				ENABLE_TESTABILITY = YES;
				GCC_C_LANGUAGE_STANDARD = gnu11;
				GCC_DYNAMIC_NO_PIC = NO;
				GCC_NO_COMMON_BLOCKS = YES;
				GCC_OPTIMIZATION_LEVEL = 0;
				GCC_PREPROCESSOR_DEFINITIONS = (
					"DEBUG=1",
					"$(inherited)",
				);
				GCC_WARN_64_TO_32_BIT_CONVERSION = YES;
				GCC_WARN_ABOUT_RETURN_TYPE = YES_ERROR;
				GCC_WARN_UNDECLARED_SELECTOR = YES;
				GCC_WARN_UNINITIALIZED_AUTOS = YES_AGGRESSIVE;
				GCC_WARN_UNUSED_FUNCTION = YES;
				GCC_WARN_UNUSED_VARIABLE = YES;
				IPHONEOS_DEPLOYMENT_TARGET = 13.5;
				MTL_ENABLE_DEBUG_INFO = INCLUDE_SOURCE;
				MTL_FAST_MATH = YES;
				ONLY_ACTIVE_ARCH = YES;
				SDKROOT = iphoneos;
				SWIFT_ACTIVE_COMPILATION_CONDITIONS = DEBUG;
				SWIFT_OPTIMIZATION_LEVEL = "-Onone";
			};
			name = Debug;
		};
		E21CA57624A1AFC7005C8718 /* Release */ = {
			isa = XCBuildConfiguration;
			buildSettings = {
				ALWAYS_SEARCH_USER_PATHS = NO;
				CLANG_ANALYZER_NONNULL = YES;
				CLANG_ANALYZER_NUMBER_OBJECT_CONVERSION = YES_AGGRESSIVE;
				CLANG_CXX_LANGUAGE_STANDARD = "gnu++14";
				CLANG_CXX_LIBRARY = "libc++";
				CLANG_ENABLE_MODULES = YES;
				CLANG_ENABLE_OBJC_ARC = YES;
				CLANG_ENABLE_OBJC_WEAK = YES;
				CLANG_WARN_BLOCK_CAPTURE_AUTORELEASING = YES;
				CLANG_WARN_BOOL_CONVERSION = YES;
				CLANG_WARN_COMMA = YES;
				CLANG_WARN_CONSTANT_CONVERSION = YES;
				CLANG_WARN_DEPRECATED_OBJC_IMPLEMENTATIONS = YES;
				CLANG_WARN_DIRECT_OBJC_ISA_USAGE = YES_ERROR;
				CLANG_WARN_DOCUMENTATION_COMMENTS = YES;
				CLANG_WARN_EMPTY_BODY = YES;
				CLANG_WARN_ENUM_CONVERSION = YES;
				CLANG_WARN_INFINITE_RECURSION = YES;
				CLANG_WARN_INT_CONVERSION = YES;
				CLANG_WARN_NON_LITERAL_NULL_CONVERSION = YES;
				CLANG_WARN_OBJC_IMPLICIT_RETAIN_SELF = YES;
				CLANG_WARN_OBJC_LITERAL_CONVERSION = YES;
				CLANG_WARN_OBJC_ROOT_CLASS = YES_ERROR;
				CLANG_WARN_RANGE_LOOP_ANALYSIS = YES;
				CLANG_WARN_STRICT_PROTOTYPES = YES;
				CLANG_WARN_SUSPICIOUS_MOVE = YES;
				CLANG_WARN_UNGUARDED_AVAILABILITY = YES_AGGRESSIVE;
				CLANG_WARN_UNREACHABLE_CODE = YES;
				CLANG_WARN__DUPLICATE_METHOD_MATCH = YES;
				COPY_PHASE_STRIP = NO;
				DEBUG_INFORMATION_FORMAT = "dwarf-with-dsym";
				ENABLE_NS_ASSERTIONS = NO;
				ENABLE_STRICT_OBJC_MSGSEND = YES;
				GCC_C_LANGUAGE_STANDARD = gnu11;
				GCC_NO_COMMON_BLOCKS = YES;
				GCC_WARN_64_TO_32_BIT_CONVERSION = YES;
				GCC_WARN_ABOUT_RETURN_TYPE = YES_ERROR;
				GCC_WARN_UNDECLARED_SELECTOR = YES;
				GCC_WARN_UNINITIALIZED_AUTOS = YES_AGGRESSIVE;
				GCC_WARN_UNUSED_FUNCTION = YES;
				GCC_WARN_UNUSED_VARIABLE = YES;
				IPHONEOS_DEPLOYMENT_TARGET = 13.5;
				MTL_ENABLE_DEBUG_INFO = NO;
				MTL_FAST_MATH = YES;
				SDKROOT = iphoneos;
				SWIFT_COMPILATION_MODE = wholemodule;
				SWIFT_OPTIMIZATION_LEVEL = "-O";
				VALIDATE_PRODUCT = YES;
			};
			name = Release;
		};
		E21CA57824A1AFC7005C8718 /* Debug */ = {
			isa = XCBuildConfiguration;
			buildSettings = {
				ASSETCATALOG_COMPILER_APPICON_NAME = AppIcon;
				CODE_SIGN_STYLE = Automatic;
				DEVELOPMENT_TEAM = 883YY8GPM9;
				INFOPLIST_FILE = ZMathCode/Info.plist;
				LD_RUNPATH_SEARCH_PATHS = (
					"$(inherited)",
					"@executable_path/Frameworks",
				);
				PRODUCT_BUNDLE_IDENTIFIER = com.zmfflying.ZMathCode;
				PRODUCT_NAME = "$(TARGET_NAME)";
				SWIFT_VERSION = 5.0;
				TARGETED_DEVICE_FAMILY = "1,2";
			};
			name = Debug;
		};
		E21CA57924A1AFC7005C8718 /* Release */ = {
			isa = XCBuildConfiguration;
			buildSettings = {
				ASSETCATALOG_COMPILER_APPICON_NAME = AppIcon;
				CODE_SIGN_STYLE = Automatic;
				DEVELOPMENT_TEAM = 6S6573EV39;
				INFOPLIST_FILE = ZMathCode/Info.plist;
				LD_RUNPATH_SEARCH_PATHS = (
					"$(inherited)",
					"@executable_path/Frameworks",
				);
				PRODUCT_BUNDLE_IDENTIFIER = com.zmfflying.ZMathCode;
				PRODUCT_NAME = "$(TARGET_NAME)";
				SWIFT_VERSION = 5.0;
				TARGETED_DEVICE_FAMILY = "1,2";
			};
			name = Release;
		};
		E21CA57B24A1AFC7005C8718 /* Debug */ = {
			isa = XCBuildConfiguration;
			buildSettings = {
				ALWAYS_EMBED_SWIFT_STANDARD_LIBRARIES = YES;
				BUNDLE_LOADER = "$(TEST_HOST)";
				CODE_SIGN_STYLE = Automatic;
				DEVELOPMENT_TEAM = 6S6573EV39;
				INFOPLIST_FILE = ZMathCodeTests/Info.plist;
				IPHONEOS_DEPLOYMENT_TARGET = 13.5;
				LD_RUNPATH_SEARCH_PATHS = (
					"$(inherited)",
					"@executable_path/Frameworks",
					"@loader_path/Frameworks",
				);
				PRODUCT_BUNDLE_IDENTIFIER = com.zmfflying.ZMathCodeTests;
				PRODUCT_NAME = "$(TARGET_NAME)";
				SWIFT_VERSION = 5.0;
				TARGETED_DEVICE_FAMILY = "1,2";
				TEST_HOST = "$(BUILT_PRODUCTS_DIR)/ZMathCode.app/ZMathCode";
			};
			name = Debug;
		};
		E21CA57C24A1AFC7005C8718 /* Release */ = {
			isa = XCBuildConfiguration;
			buildSettings = {
				ALWAYS_EMBED_SWIFT_STANDARD_LIBRARIES = YES;
				BUNDLE_LOADER = "$(TEST_HOST)";
				CODE_SIGN_STYLE = Automatic;
				DEVELOPMENT_TEAM = 6S6573EV39;
				INFOPLIST_FILE = ZMathCodeTests/Info.plist;
				IPHONEOS_DEPLOYMENT_TARGET = 13.5;
				LD_RUNPATH_SEARCH_PATHS = (
					"$(inherited)",
					"@executable_path/Frameworks",
					"@loader_path/Frameworks",
				);
				PRODUCT_BUNDLE_IDENTIFIER = com.zmfflying.ZMathCodeTests;
				PRODUCT_NAME = "$(TARGET_NAME)";
				SWIFT_VERSION = 5.0;
				TARGETED_DEVICE_FAMILY = "1,2";
				TEST_HOST = "$(BUILT_PRODUCTS_DIR)/ZMathCode.app/ZMathCode";
			};
			name = Release;
		};
		E21CA57E24A1AFC7005C8718 /* Debug */ = {
			isa = XCBuildConfiguration;
			buildSettings = {
				ALWAYS_EMBED_SWIFT_STANDARD_LIBRARIES = YES;
				CODE_SIGN_STYLE = Automatic;
				DEVELOPMENT_TEAM = 6S6573EV39;
				INFOPLIST_FILE = ZMathCodeUITests/Info.plist;
				LD_RUNPATH_SEARCH_PATHS = (
					"$(inherited)",
					"@executable_path/Frameworks",
					"@loader_path/Frameworks",
				);
				PRODUCT_BUNDLE_IDENTIFIER = com.zmfflying.ZMathCodeUITests;
				PRODUCT_NAME = "$(TARGET_NAME)";
				SWIFT_VERSION = 5.0;
				TARGETED_DEVICE_FAMILY = "1,2";
				TEST_TARGET_NAME = ZMathCode;
			};
			name = Debug;
		};
		E21CA57F24A1AFC7005C8718 /* Release */ = {
			isa = XCBuildConfiguration;
			buildSettings = {
				ALWAYS_EMBED_SWIFT_STANDARD_LIBRARIES = YES;
				CODE_SIGN_STYLE = Automatic;
				DEVELOPMENT_TEAM = 6S6573EV39;
				INFOPLIST_FILE = ZMathCodeUITests/Info.plist;
				LD_RUNPATH_SEARCH_PATHS = (
					"$(inherited)",
					"@executable_path/Frameworks",
					"@loader_path/Frameworks",
				);
				PRODUCT_BUNDLE_IDENTIFIER = com.zmfflying.ZMathCodeUITests;
				PRODUCT_NAME = "$(TARGET_NAME)";
				SWIFT_VERSION = 5.0;
				TARGETED_DEVICE_FAMILY = "1,2";
				TEST_TARGET_NAME = ZMathCode;
			};
			name = Release;
		};
/* End XCBuildConfiguration section */

/* Begin XCConfigurationList section */
		E21CA54824A1AFB7005C8718 /* Build configuration list for PBXProject "ZMathCode" */ = {
			isa = XCConfigurationList;
			buildConfigurations = (
				E21CA57524A1AFC7005C8718 /* Debug */,
				E21CA57624A1AFC7005C8718 /* Release */,
			);
			defaultConfigurationIsVisible = 0;
			defaultConfigurationName = Release;
		};
		E21CA57724A1AFC7005C8718 /* Build configuration list for PBXNativeTarget "ZMathCode" */ = {
			isa = XCConfigurationList;
			buildConfigurations = (
				E21CA57824A1AFC7005C8718 /* Debug */,
				E21CA57924A1AFC7005C8718 /* Release */,
			);
			defaultConfigurationIsVisible = 0;
			defaultConfigurationName = Release;
		};
		E21CA57A24A1AFC7005C8718 /* Build configuration list for PBXNativeTarget "ZMathCodeTests" */ = {
			isa = XCConfigurationList;
			buildConfigurations = (
				E21CA57B24A1AFC7005C8718 /* Debug */,
				E21CA57C24A1AFC7005C8718 /* Release */,
			);
			defaultConfigurationIsVisible = 0;
			defaultConfigurationName = Release;
		};
		E21CA57D24A1AFC7005C8718 /* Build configuration list for PBXNativeTarget "ZMathCodeUITests" */ = {
			isa = XCConfigurationList;
			buildConfigurations = (
				E21CA57E24A1AFC7005C8718 /* Debug */,
				E21CA57F24A1AFC7005C8718 /* Release */,
			);
			defaultConfigurationIsVisible = 0;
			defaultConfigurationName = Release;
		};
/* End XCConfigurationList section */
	};
	rootObject = E21CA54524A1AFB7005C8718 /* Project object */;
}
